
Microsoft Visual Studio Solution File, Format Version 12.00
# Visual Studio Version 17
VisualStudioVersion = 17.11.35222.181
MinimumVisualStudioVersion = 10.0.40219.1
Project("{FAE04EC0-301F-11D3-BF4B-00C04F79EFBC}") = "StopWatch-GCS", "StopWatch-GCS.csproj", "{63B11527-FCA6-4814-B151-BF30C9150EF2}"
EndProject
Global
	GlobalSection(SolutionConfigurationPlatforms) = preSolution
		Debug|Any CPU = Debug|Any CPU
		Release|Any CPU = Release|Any CPU
	EndGlobalSection
	GlobalSection(ProjectConfigurationPlatforms) = postSolution
		{63B11527-FCA6-4814-B151-BF30C9150EF2}.Debug|Any CPU.ActiveCfg = Debug|Any CPU
		{63B11527-FCA6-4814-B151-BF30C9150EF2}.Debug|Any CPU.Build.0 = Debug|Any CPU
		{63B11527-FCA6-4814-B151-BF30C9150EF2}.Release|Any CPU.ActiveCfg = Release|Any CPU
		{63B11527-FCA6-4814-B151-BF30C9150EF2}.Release|Any CPU.Build.0 = Release|Any CPU
	EndGlobalSection
	GlobalSection(SolutionProperties) = preSolution
		HideSolutionNode = FALSE
	EndGlobalSection
	GlobalSection(ExtensibilityGlobals) = postSolution
		SolutionGuid = {08F9B724-482E-4817-8B47-B1298CD17138}
	EndGlobalSection
EndGlobal
